
Microsoft Visual Studio Solution File, Format Version 12.00
# Visual Studio 15
VisualStudioVersion = 15.0.28307.271
MinimumVisualStudioVersion = 10.0.40219.1
Project("{FAE04EC0-301F-11D3-BF4B-00C04F79EFBC}") = "Storage_Ovn11", "Storage_Ovn11\Storage_Ovn11.csproj", "{108A26DF-2FEB-48FC-918A-2B7758957202}"
EndProject
Global
	GlobalSection(SolutionConfigurationPlatforms) = preSolution
		Debug|Any CPU = Debug|Any CPU
		Release|Any CPU = Release|Any CPU
	EndGlobalSection
	GlobalSection(ProjectConfigurationPlatforms) = postSolution
		{108A26DF-2FEB-48FC-918A-2B7758957202}.Debug|Any CPU.ActiveCfg = Debug|Any CPU
		{108A26DF-2FEB-48FC-918A-2B7758957202}.Debug|Any CPU.Build.0 = Debug|Any CPU
		{108A26DF-2FEB-48FC-918A-2B7758957202}.Release|Any CPU.ActiveCfg = Release|Any CPU
		{108A26DF-2FEB-48FC-918A-2B7758957202}.Release|Any CPU.Build.0 = Release|Any CPU
	EndGlobalSection
	GlobalSection(SolutionProperties) = preSolution
		HideSolutionNode = FALSE
	EndGlobalSection
	GlobalSection(ExtensibilityGlobals) = postSolution
		SolutionGuid = {24104158-D6AE-4B97-9B4F-C04187DB9BAC}
	EndGlobalSection
EndGlobal
